// !$*UTF8*$!
{
	archiveVersion = 1;
	classes = {
	};
	objectVersion = 46;
	objects = {

/* Begin PBXBuildFile section */
		5F07F74D1FB1294300495F18 /* PreferenceData.swift in Sources */ = {isa = PBXBuildFile; fileRef = 5F07F74C1FB1294300495F18 /* PreferenceData.swift */; };
		5F07F74F1FB12AC600495F18 /* PreferencesViewController.swift in Sources */ = {isa = PBXBuildFile; fileRef = 5F07F74E1FB12AC600495F18 /* PreferencesViewController.swift */; };
		5F256A071FBD02C700604929 /* Extensions.swift in Sources */ = {isa = PBXBuildFile; fileRef = 5F256A061FBD02C700604929 /* Extensions.swift */; };
		5F91EF0A1FA7E0A900753BAC /* PodItem.swift in Sources */ = {isa = PBXBuildFile; fileRef = 5F91EF081FA7E0A900753BAC /* PodItem.swift */; };
		5F91EF0B1FA7E0A900753BAC /* PodItem.xib in Resources */ = {isa = PBXBuildFile; fileRef = 5F91EF091FA7E0A900753BAC /* PodItem.xib */; };
		5F91EF0D1FA7F56100753BAC /* KubernetesMediator.swift in Sources */ = {isa = PBXBuildFile; fileRef = 5F91EF0C1FA7F56100753BAC /* KubernetesMediator.swift */; };
		5F91EF111FA8EBA700753BAC /* Constants.swift in Sources */ = {isa = PBXBuildFile; fileRef = 5F91EF101FA8EBA700753BAC /* Constants.swift */; };
		5F91EF181FA906FE00753BAC /* HeaderItem.swift in Sources */ = {isa = PBXBuildFile; fileRef = 5F91EF161FA906FE00753BAC /* HeaderItem.swift */; };
		5F91EF191FA906FE00753BAC /* HeaderItem.xib in Resources */ = {isa = PBXBuildFile; fileRef = 5F91EF171FA906FE00753BAC /* HeaderItem.xib */; };
		5F91EF1B1FA9093100753BAC /* GroupModel.swift in Sources */ = {isa = PBXBuildFile; fileRef = 5F91EF1A1FA9093100753BAC /* GroupModel.swift */; };
		5F91EF1F1FAA3A5300753BAC /* PodModel.swift in Sources */ = {isa = PBXBuildFile; fileRef = 5F91EF1E1FAA3A5300753BAC /* PodModel.swift */; };
		5F91EF211FAB8CE400753BAC /* MainViewController.swift in Sources */ = {isa = PBXBuildFile; fileRef = 5F91EF201FAB8CE400753BAC /* MainViewController.swift */; };
		5F91EF3E1FAB8FC900753BAC /* Main.storyboard in Resources */ = {isa = PBXBuildFile; fileRef = 5F91EF3D1FAB8FC900753BAC /* Main.storyboard */; };
		5F91EF401FABA34600753BAC /* EventMonitor.swift in Sources */ = {isa = PBXBuildFile; fileRef = 5F91EF3F1FABA34600753BAC /* EventMonitor.swift */; };
		5F91EF441FABC2FF00753BAC /* ClusterModel.swift in Sources */ = {isa = PBXBuildFile; fileRef = 5F91EF431FABC2FF00753BAC /* ClusterModel.swift */; };
		5F91EF461FABC31A00753BAC /* NodeModel.swift in Sources */ = {isa = PBXBuildFile; fileRef = 5F91EF451FABC31A00753BAC /* NodeModel.swift */; };
		5FA3008D1FA7CB1B008E846B /* AppDelegate.swift in Sources */ = {isa = PBXBuildFile; fileRef = 5FA3008C1FA7CB1B008E846B /* AppDelegate.swift */; };
		5FA300911FA7CB1B008E846B /* Assets.xcassets in Resources */ = {isa = PBXBuildFile; fileRef = 5FA300901FA7CB1B008E846B /* Assets.xcassets */; };
		A4A8A2DEB5F4FB1A722278E2 /* Pods_KubernetesMonitor.framework in Frameworks */ = {isa = PBXBuildFile; fileRef = F0B498091D72EABDDD63B32A /* Pods_KubernetesMonitor.framework */; };
/* End PBXBuildFile section */

/* Begin PBXFileReference section */
		13FA9AA6D83EF8F34390BF3C /* Pods-KubernetesMonitor.debug.xcconfig */ = {isa = PBXFileReference; includeInIndex = 1; lastKnownFileType = text.xcconfig; name = "Pods-KubernetesMonitor.debug.xcconfig"; path = "Pods/Target Support Files/Pods-KubernetesMonitor/Pods-KubernetesMonitor.debug.xcconfig"; sourceTree = "<group>"; };
		5F07F74C1FB1294300495F18 /* PreferenceData.swift */ = {isa = PBXFileReference; fileEncoding = 4; lastKnownFileType = sourcecode.swift; path = PreferenceData.swift; sourceTree = "<group>"; };
		5F07F74E1FB12AC600495F18 /* PreferencesViewController.swift */ = {isa = PBXFileReference; fileEncoding = 4; lastKnownFileType = sourcecode.swift; path = PreferencesViewController.swift; sourceTree = "<group>"; };
		5F256A061FBD02C700604929 /* Extensions.swift */ = {isa = PBXFileReference; fileEncoding = 4; lastKnownFileType = sourcecode.swift; path = Extensions.swift; sourceTree = "<group>"; };
		5F91EF081FA7E0A900753BAC /* PodItem.swift */ = {isa = PBXFileReference; fileEncoding = 4; lastKnownFileType = sourcecode.swift; path = PodItem.swift; sourceTree = "<group>"; };
		5F91EF091FA7E0A900753BAC /* PodItem.xib */ = {isa = PBXFileReference; fileEncoding = 4; lastKnownFileType = file.xib; path = PodItem.xib; sourceTree = "<group>"; };
		5F91EF0C1FA7F56100753BAC /* KubernetesMediator.swift */ = {isa = PBXFileReference; fileEncoding = 4; lastKnownFileType = sourcecode.swift; path = KubernetesMediator.swift; sourceTree = "<group>"; };
		5F91EF101FA8EBA700753BAC /* Constants.swift */ = {isa = PBXFileReference; fileEncoding = 4; lastKnownFileType = sourcecode.swift; path = Constants.swift; sourceTree = "<group>"; };
		5F91EF161FA906FE00753BAC /* HeaderItem.swift */ = {isa = PBXFileReference; fileEncoding = 4; lastKnownFileType = sourcecode.swift; path = HeaderItem.swift; sourceTree = "<group>"; };
		5F91EF171FA906FE00753BAC /* HeaderItem.xib */ = {isa = PBXFileReference; fileEncoding = 4; lastKnownFileType = file.xib; path = HeaderItem.xib; sourceTree = "<group>"; };
		5F91EF1A1FA9093100753BAC /* GroupModel.swift */ = {isa = PBXFileReference; fileEncoding = 4; lastKnownFileType = sourcecode.swift; path = GroupModel.swift; sourceTree = "<group>"; };
		5F91EF1E1FAA3A5300753BAC /* PodModel.swift */ = {isa = PBXFileReference; fileEncoding = 4; lastKnownFileType = sourcecode.swift; path = PodModel.swift; sourceTree = "<group>"; };
		5F91EF201FAB8CE400753BAC /* MainViewController.swift */ = {isa = PBXFileReference; fileEncoding = 4; lastKnownFileType = sourcecode.swift; path = MainViewController.swift; sourceTree = "<group>"; };
		5F91EF3D1FAB8FC900753BAC /* Main.storyboard */ = {isa = PBXFileReference; fileEncoding = 4; lastKnownFileType = file.storyboard; path = Main.storyboard; sourceTree = "<group>"; };
		5F91EF3F1FABA34600753BAC /* EventMonitor.swift */ = {isa = PBXFileReference; fileEncoding = 4; lastKnownFileType = sourcecode.swift; path = EventMonitor.swift; sourceTree = "<group>"; };
		5F91EF431FABC2FF00753BAC /* ClusterModel.swift */ = {isa = PBXFileReference; fileEncoding = 4; lastKnownFileType = sourcecode.swift; path = ClusterModel.swift; sourceTree = "<group>"; };
		5F91EF451FABC31A00753BAC /* NodeModel.swift */ = {isa = PBXFileReference; fileEncoding = 4; lastKnownFileType = sourcecode.swift; path = NodeModel.swift; sourceTree = "<group>"; };
		5FA300891FA7CB1B008E846B /* KubeMonitor.app */ = {isa = PBXFileReference; explicitFileType = wrapper.application; includeInIndex = 0; path = KubeMonitor.app; sourceTree = BUILT_PRODUCTS_DIR; };
		5FA3008C1FA7CB1B008E846B /* AppDelegate.swift */ = {isa = PBXFileReference; lastKnownFileType = sourcecode.swift; path = AppDelegate.swift; sourceTree = "<group>"; };
		5FA300901FA7CB1B008E846B /* Assets.xcassets */ = {isa = PBXFileReference; lastKnownFileType = folder.assetcatalog; path = Assets.xcassets; sourceTree = "<group>"; };
		5FA300951FA7CB1B008E846B /* Info.plist */ = {isa = PBXFileReference; lastKnownFileType = text.plist.xml; path = Info.plist; sourceTree = "<group>"; };
		D54C61568E42FE6215928FC2 /* Pods-KubernetesMonitor.release.xcconfig */ = {isa = PBXFileReference; includeInIndex = 1; lastKnownFileType = text.xcconfig; name = "Pods-KubernetesMonitor.release.xcconfig"; path = "Pods/Target Support Files/Pods-KubernetesMonitor/Pods-KubernetesMonitor.release.xcconfig"; sourceTree = "<group>"; };
		F0B498091D72EABDDD63B32A /* Pods_KubernetesMonitor.framework */ = {isa = PBXFileReference; explicitFileType = wrapper.framework; includeInIndex = 0; path = Pods_KubernetesMonitor.framework; sourceTree = BUILT_PRODUCTS_DIR; };
/* End PBXFileReference section */

/* Begin PBXFrameworksBuildPhase section */
		5FA300861FA7CB1B008E846B /* Frameworks */ = {
			isa = PBXFrameworksBuildPhase;
			buildActionMask = 2147483647;
			files = (
				A4A8A2DEB5F4FB1A722278E2 /* Pods_KubernetesMonitor.framework in Frameworks */,
			);
			runOnlyForDeploymentPostprocessing = 0;
		};
/* End PBXFrameworksBuildPhase section */

/* Begin PBXGroup section */
		5F256A031FBD020200604929 /* Models */ = {
			isa = PBXGroup;
			children = (
				5F91EF431FABC2FF00753BAC /* ClusterModel.swift */,
				5F91EF451FABC31A00753BAC /* NodeModel.swift */,
				5F91EF1A1FA9093100753BAC /* GroupModel.swift */,
				5F91EF1E1FAA3A5300753BAC /* PodModel.swift */,
				5F07F74C1FB1294300495F18 /* PreferenceData.swift */,
			);
			name = Models;
			sourceTree = "<group>";
		};
		5F256A041FBD023F00604929 /* Storyboard */ = {
			isa = PBXGroup;
			children = (
				5F91EF3D1FAB8FC900753BAC /* Main.storyboard */,
				5F91EF171FA906FE00753BAC /* HeaderItem.xib */,
				5F91EF091FA7E0A900753BAC /* PodItem.xib */,
			);
			name = Storyboard;
			sourceTree = "<group>";
		};
		5F256A051FBD029000604929 /* ViewControllers */ = {
			isa = PBXGroup;
			children = (
				5F91EF201FAB8CE400753BAC /* MainViewController.swift */,
				5F07F74E1FB12AC600495F18 /* PreferencesViewController.swift */,
				5F91EF161FA906FE00753BAC /* HeaderItem.swift */,
				5F91EF081FA7E0A900753BAC /* PodItem.swift */,
			);
			name = ViewControllers;
			sourceTree = "<group>";
		};
		5FA300801FA7CB1B008E846B = {
			isa = PBXGroup;
			children = (
				5FA3008B1FA7CB1B008E846B /* KubernetesMonitor */,
				5FA3008A1FA7CB1B008E846B /* Products */,
				F670013709F448DE39C5555B /* Pods */,
				CBFBAF8E44C619EB23AF39D6 /* Frameworks */,
			);
			sourceTree = "<group>";
		};
		5FA3008A1FA7CB1B008E846B /* Products */ = {
			isa = PBXGroup;
			children = (
				5FA300891FA7CB1B008E846B /* KubeMonitor.app */,
			);
			name = Products;
			sourceTree = "<group>";
		};
		5FA3008B1FA7CB1B008E846B /* KubernetesMonitor */ = {
			isa = PBXGroup;
			children = (
				5F256A051FBD029000604929 /* ViewControllers */,
				5F256A041FBD023F00604929 /* Storyboard */,
				5F256A031FBD020200604929 /* Models */,
				5FA3008C1FA7CB1B008E846B /* AppDelegate.swift */,
				5F91EF0C1FA7F56100753BAC /* KubernetesMediator.swift */,
				5F91EF3F1FABA34600753BAC /* EventMonitor.swift */,
				5F91EF101FA8EBA700753BAC /* Constants.swift */,
				5F256A061FBD02C700604929 /* Extensions.swift */,
				5FA300901FA7CB1B008E846B /* Assets.xcassets */,
				5FA300951FA7CB1B008E846B /* Info.plist */,
			);
			path = KubernetesMonitor;
			sourceTree = "<group>";
		};
		CBFBAF8E44C619EB23AF39D6 /* Frameworks */ = {
			isa = PBXGroup;
			children = (
				F0B498091D72EABDDD63B32A /* Pods_KubernetesMonitor.framework */,
			);
			name = Frameworks;
			sourceTree = "<group>";
		};
		F670013709F448DE39C5555B /* Pods */ = {
			isa = PBXGroup;
			children = (
				13FA9AA6D83EF8F34390BF3C /* Pods-KubernetesMonitor.debug.xcconfig */,
				D54C61568E42FE6215928FC2 /* Pods-KubernetesMonitor.release.xcconfig */,
			);
			name = Pods;
			sourceTree = "<group>";
		};
/* End PBXGroup section */

/* Begin PBXNativeTarget section */
		5FA300881FA7CB1B008E846B /* KubeMonitor */ = {
			isa = PBXNativeTarget;
			buildConfigurationList = 5FA300981FA7CB1B008E846B /* Build configuration list for PBXNativeTarget "KubeMonitor" */;
			buildPhases = (
				FD18E1C1F1471679C246C77F /* [CP] Check Pods Manifest.lock */,
				5FA300851FA7CB1B008E846B /* Sources */,
				5FA300861FA7CB1B008E846B /* Frameworks */,
				5FA300871FA7CB1B008E846B /* Resources */,
				6205AFF324D1D8606D5F5218 /* [CP] Embed Pods Frameworks */,
				3961666F16B8CBEE1EE31C3B /* [CP] Copy Pods Resources */,
			);
			buildRules = (
			);
			dependencies = (
			);
			name = KubeMonitor;
			productName = KubernetesMonitor;
			productReference = 5FA300891FA7CB1B008E846B /* KubeMonitor.app */;
			productType = "com.apple.product-type.application";
		};
/* End PBXNativeTarget section */

/* Begin PBXProject section */
		5FA300811FA7CB1B008E846B /* Project object */ = {
			isa = PBXProject;
			attributes = {
				LastSwiftUpdateCheck = 0830;
				LastUpgradeCheck = 0830;
				ORGANIZATIONNAME = "Dan Sanche";
				TargetAttributes = {
					5FA300881FA7CB1B008E846B = {
						CreatedOnToolsVersion = 8.3.3;
						ProvisioningStyle = Automatic;
					};
				};
			};
			buildConfigurationList = 5FA300841FA7CB1B008E846B /* Build configuration list for PBXProject "KubeMonitor" */;
			compatibilityVersion = "Xcode 3.2";
			developmentRegion = English;
			hasScannedForEncodings = 0;
			knownRegions = (
				en,
				Base,
			);
			mainGroup = 5FA300801FA7CB1B008E846B;
			productRefGroup = 5FA3008A1FA7CB1B008E846B /* Products */;
			projectDirPath = "";
			projectRoot = "";
			targets = (
				5FA300881FA7CB1B008E846B /* KubeMonitor */,
			);
		};
/* End PBXProject section */

/* Begin PBXResourcesBuildPhase section */
		5FA300871FA7CB1B008E846B /* Resources */ = {
			isa = PBXResourcesBuildPhase;
			buildActionMask = 2147483647;
			files = (
				5FA300911FA7CB1B008E846B /* Assets.xcassets in Resources */,
				5F91EF3E1FAB8FC900753BAC /* Main.storyboard in Resources */,
				5F91EF0B1FA7E0A900753BAC /* PodItem.xib in Resources */,
				5F91EF191FA906FE00753BAC /* HeaderItem.xib in Resources */,
			);
			runOnlyForDeploymentPostprocessing = 0;
		};
/* End PBXResourcesBuildPhase section */

/* Begin PBXShellScriptBuildPhase section */
		3961666F16B8CBEE1EE31C3B /* [CP] Copy Pods Resources */ = {
			isa = PBXShellScriptBuildPhase;
			buildActionMask = 2147483647;
			files = (
			);
			inputPaths = (
			);
			name = "[CP] Copy Pods Resources";
			outputPaths = (
			);
			runOnlyForDeploymentPostprocessing = 0;
			shellPath = /bin/sh;
			shellScript = "\"${SRCROOT}/Pods/Target Support Files/Pods-KubernetesMonitor/Pods-KubernetesMonitor-resources.sh\"\n";
			showEnvVarsInLog = 0;
		};
		6205AFF324D1D8606D5F5218 /* [CP] Embed Pods Frameworks */ = {
			isa = PBXShellScriptBuildPhase;
			buildActionMask = 2147483647;
			files = (
			);
			inputPaths = (
				"${SRCROOT}/Pods/Target Support Files/Pods-KubernetesMonitor/Pods-KubernetesMonitor-frameworks.sh",
				"${BUILT_PRODUCTS_DIR}/CorePlot/CorePlot.framework",
			);
			name = "[CP] Embed Pods Frameworks";
			outputPaths = (
				"${TARGET_BUILD_DIR}/${FRAMEWORKS_FOLDER_PATH}/CorePlot.framework",
			);
			runOnlyForDeploymentPostprocessing = 0;
			shellPath = /bin/sh;
			shellScript = "\"${SRCROOT}/Pods/Target Support Files/Pods-KubernetesMonitor/Pods-KubernetesMonitor-frameworks.sh\"\n";
			showEnvVarsInLog = 0;
		};
		FD18E1C1F1471679C246C77F /* [CP] Check Pods Manifest.lock */ = {
			isa = PBXShellScriptBuildPhase;
			buildActionMask = 2147483647;
			files = (
			);
			inputPaths = (
				"${PODS_PODFILE_DIR_PATH}/Podfile.lock",
				"${PODS_ROOT}/Manifest.lock",
			);
			name = "[CP] Check Pods Manifest.lock";
			outputPaths = (
				"$(DERIVED_FILE_DIR)/Pods-KubernetesMonitor-checkManifestLockResult.txt",
			);
			runOnlyForDeploymentPostprocessing = 0;
			shellPath = /bin/sh;
			shellScript = "diff \"${PODS_PODFILE_DIR_PATH}/Podfile.lock\" \"${PODS_ROOT}/Manifest.lock\" > /dev/null\nif [ $? != 0 ] ; then\n    # print error to STDERR\n    echo \"error: The sandbox is not in sync with the Podfile.lock. Run 'pod install' or update your CocoaPods installation.\" >&2\n    exit 1\nfi\n# This output is used by Xcode 'outputs' to avoid re-running this script phase.\necho \"SUCCESS\" > \"${SCRIPT_OUTPUT_FILE_0}\"\n";
			showEnvVarsInLog = 0;
		};
/* End PBXShellScriptBuildPhase section */

/* Begin PBXSourcesBuildPhase section */
		5FA300851FA7CB1B008E846B /* Sources */ = {
			isa = PBXSourcesBuildPhase;
			buildActionMask = 2147483647;
			files = (
				5F91EF441FABC2FF00753BAC /* ClusterModel.swift in Sources */,
				5F91EF111FA8EBA700753BAC /* Constants.swift in Sources */,
				5F91EF401FABA34600753BAC /* EventMonitor.swift in Sources */,
				5F91EF1B1FA9093100753BAC /* GroupModel.swift in Sources */,
				5F91EF0D1FA7F56100753BAC /* KubernetesMediator.swift in Sources */,
				5FA3008D1FA7CB1B008E846B /* AppDelegate.swift in Sources */,
				5F91EF181FA906FE00753BAC /* HeaderItem.swift in Sources */,
				5F91EF461FABC31A00753BAC /* NodeModel.swift in Sources */,
				5F07F74F1FB12AC600495F18 /* PreferencesViewController.swift in Sources */,
				5F07F74D1FB1294300495F18 /* PreferenceData.swift in Sources */,
				5F91EF1F1FAA3A5300753BAC /* PodModel.swift in Sources */,
				5F91EF211FAB8CE400753BAC /* MainViewController.swift in Sources */,
				5F91EF0A1FA7E0A900753BAC /* PodItem.swift in Sources */,
				5F256A071FBD02C700604929 /* Extensions.swift in Sources */,
			);
			runOnlyForDeploymentPostprocessing = 0;
		};
/* End PBXSourcesBuildPhase section */

/* Begin XCBuildConfiguration section */
		5FA300961FA7CB1B008E846B /* Debug */ = {
			isa = XCBuildConfiguration;
			buildSettings = {
				ALWAYS_SEARCH_USER_PATHS = NO;
				CLANG_ANALYZER_NONNULL = YES;
				CLANG_ANALYZER_NUMBER_OBJECT_CONVERSION = YES_AGGRESSIVE;
				CLANG_CXX_LANGUAGE_STANDARD = "gnu++0x";
				CLANG_CXX_LIBRARY = "libc++";
				CLANG_ENABLE_MODULES = YES;
				CLANG_ENABLE_OBJC_ARC = YES;
				CLANG_WARN_BOOL_CONVERSION = YES;
				CLANG_WARN_CONSTANT_CONVERSION = YES;
				CLANG_WARN_DIRECT_OBJC_ISA_USAGE = YES_ERROR;
				CLANG_WARN_DOCUMENTATION_COMMENTS = YES;
				CLANG_WARN_EMPTY_BODY = YES;
				CLANG_WARN_ENUM_CONVERSION = YES;
				CLANG_WARN_INFINITE_RECURSION = YES;
				CLANG_WARN_INT_CONVERSION = YES;
				CLANG_WARN_OBJC_ROOT_CLASS = YES_ERROR;
				CLANG_WARN_SUSPICIOUS_MOVE = YES;
				CLANG_WARN_UNREACHABLE_CODE = YES;
				CLANG_WARN__DUPLICATE_METHOD_MATCH = YES;
				CODE_SIGN_IDENTITY = "-";
				COPY_PHASE_STRIP = NO;
				DEBUG_INFORMATION_FORMAT = dwarf;
				ENABLE_STRICT_OBJC_MSGSEND = YES;
				ENABLE_TESTABILITY = YES;
				GCC_C_LANGUAGE_STANDARD = gnu99;
				GCC_DYNAMIC_NO_PIC = NO;
				GCC_NO_COMMON_BLOCKS = YES;
				GCC_OPTIMIZATION_LEVEL = 0;
				GCC_PREPROCESSOR_DEFINITIONS = (
					"DEBUG=1",
					"$(inherited)",
				);
				GCC_WARN_64_TO_32_BIT_CONVERSION = YES;
				GCC_WARN_ABOUT_RETURN_TYPE = YES_ERROR;
				GCC_WARN_UNDECLARED_SELECTOR = YES;
				GCC_WARN_UNINITIALIZED_AUTOS = YES_AGGRESSIVE;
				GCC_WARN_UNUSED_FUNCTION = YES;
				GCC_WARN_UNUSED_VARIABLE = YES;
				MACOSX_DEPLOYMENT_TARGET = 10.12;
				MTL_ENABLE_DEBUG_INFO = YES;
				ONLY_ACTIVE_ARCH = YES;
				SDKROOT = macosx;
				SWIFT_ACTIVE_COMPILATION_CONDITIONS = DEBUG;
				SWIFT_OPTIMIZATION_LEVEL = "-Onone";
			};
			name = Debug;
		};
		5FA300971FA7CB1B008E846B /* Release */ = {
			isa = XCBuildConfiguration;
			buildSettings = {
				ALWAYS_SEARCH_USER_PATHS = NO;
				CLANG_ANALYZER_NONNULL = YES;
				CLANG_ANALYZER_NUMBER_OBJECT_CONVERSION = YES_AGGRESSIVE;
				CLANG_CXX_LANGUAGE_STANDARD = "gnu++0x";
				CLANG_CXX_LIBRARY = "libc++";
				CLANG_ENABLE_MODULES = YES;
				CLANG_ENABLE_OBJC_ARC = YES;
				CLANG_WARN_BOOL_CONVERSION = YES;
				CLANG_WARN_CONSTANT_CONVERSION = YES;
				CLANG_WARN_DIRECT_OBJC_ISA_USAGE = YES_ERROR;
				CLANG_WARN_DOCUMENTATION_COMMENTS = YES;
				CLANG_WARN_EMPTY_BODY = YES;
				CLANG_WARN_ENUM_CONVERSION = YES;
				CLANG_WARN_INFINITE_RECURSION = YES;
				CLANG_WARN_INT_CONVERSION = YES;
				CLANG_WARN_OBJC_ROOT_CLASS = YES_ERROR;
				CLANG_WARN_SUSPICIOUS_MOVE = YES;
				CLANG_WARN_UNREACHABLE_CODE = YES;
				CLANG_WARN__DUPLICATE_METHOD_MATCH = YES;
				CODE_SIGN_IDENTITY = "-";
				COPY_PHASE_STRIP = NO;
				DEBUG_INFORMATION_FORMAT = "dwarf-with-dsym";
				ENABLE_NS_ASSERTIONS = NO;
				ENABLE_STRICT_OBJC_MSGSEND = YES;
				GCC_C_LANGUAGE_STANDARD = gnu99;
				GCC_NO_COMMON_BLOCKS = YES;
				GCC_WARN_64_TO_32_BIT_CONVERSION = YES;
				GCC_WARN_ABOUT_RETURN_TYPE = YES_ERROR;
				GCC_WARN_UNDECLARED_SELECTOR = YES;
				GCC_WARN_UNINITIALIZED_AUTOS = YES_AGGRESSIVE;
				GCC_WARN_UNUSED_FUNCTION = YES;
				GCC_WARN_UNUSED_VARIABLE = YES;
				MACOSX_DEPLOYMENT_TARGET = 10.12;
				MTL_ENABLE_DEBUG_INFO = NO;
				SDKROOT = macosx;
				SWIFT_OPTIMIZATION_LEVEL = "-Owholemodule";
			};
			name = Release;
		};
		5FA300991FA7CB1B008E846B /* Debug */ = {
			isa = XCBuildConfiguration;
			baseConfigurationReference = 13FA9AA6D83EF8F34390BF3C /* Pods-KubernetesMonitor.debug.xcconfig */;
			buildSettings = {
				ASSETCATALOG_COMPILER_APPICON_NAME = AppIcon;
				COMBINE_HIDPI_IMAGES = YES;
				INFOPLIST_FILE = KubernetesMonitor/Info.plist;
				LD_RUNPATH_SEARCH_PATHS = "$(inherited) @executable_path/../Frameworks";
				PRODUCT_BUNDLE_IDENTIFIER = com.sanche.KubeMonitor;
				PRODUCT_NAME = "$(TARGET_NAME)";
				SWIFT_VERSION = 3.0;
			};
			name = Debug;
		};
		5FA3009A1FA7CB1B008E846B /* Release */ = {
			isa = XCBuildConfiguration;
			baseConfigurationReference = D54C61568E42FE6215928FC2 /* Pods-KubernetesMonitor.release.xcconfig */;
			buildSettings = {
				ASSETCATALOG_COMPILER_APPICON_NAME = AppIcon;
				COMBINE_HIDPI_IMAGES = YES;
				INFOPLIST_FILE = KubernetesMonitor/Info.plist;
				LD_RUNPATH_SEARCH_PATHS = "$(inherited) @executable_path/../Frameworks";
				PRODUCT_BUNDLE_IDENTIFIER = com.sanche.KubeMonitor;
				PRODUCT_NAME = "$(TARGET_NAME)";
				SWIFT_VERSION = 3.0;
			};
			name = Release;
		};
/* End XCBuildConfiguration section */

/* Begin XCConfigurationList section */
		5FA300841FA7CB1B008E846B /* Build configuration list for PBXProject "KubeMonitor" */ = {
			isa = XCConfigurationList;
			buildConfigurations = (
				5FA300961FA7CB1B008E846B /* Debug */,
				5FA300971FA7CB1B008E846B /* Release */,
			);
			defaultConfigurationIsVisible = 0;
			defaultConfigurationName = Release;
		};
		5FA300981FA7CB1B008E846B /* Build configuration list for PBXNativeTarget "KubeMonitor" */ = {
			isa = XCConfigurationList;
			buildConfigurations = (
				5FA300991FA7CB1B008E846B /* Debug */,
				5FA3009A1FA7CB1B008E846B /* Release */,
			);
			defaultConfigurationIsVisible = 0;
			defaultConfigurationName = Release;
		};
/* End XCConfigurationList section */
	};
	rootObject = 5FA300811FA7CB1B008E846B /* Project object */;
}
